
Microsoft Visual Studio Solution File, Format Version 12.00
# Visual Studio 15
VisualStudioVersion = 15.0.28307.271
MinimumVisualStudioVersion = 10.0.40219.1
Project("{FAE04EC0-301F-11D3-BF4B-00C04F79EFBC}") = "ConsoleApp7", "ConsoleApp7\ConsoleApp7.csproj", "{9C9FE192-A539-477F-BC1E-9C654F9D198A}"
EndProject
Global
	GlobalSection(SolutionConfigurationPlatforms) = preSolution
		Debug|Any CPU = Debug|Any CPU
		Release|Any CPU = Release|Any CPU
	EndGlobalSection
	GlobalSection(ProjectConfigurationPlatforms) = postSolution
		{9C9FE192-A539-477F-BC1E-9C654F9D198A}.Debug|Any CPU.ActiveCfg = Debug|Any CPU
		{9C9FE192-A539-477F-BC1E-9C654F9D198A}.Debug|Any CPU.Build.0 = Debug|Any CPU
		{9C9FE192-A539-477F-BC1E-9C654F9D198A}.Release|Any CPU.ActiveCfg = Release|Any CPU
		{9C9FE192-A539-477F-BC1E-9C654F9D198A}.Release|Any CPU.Build.0 = Release|Any CPU
	EndGlobalSection
	GlobalSection(SolutionProperties) = preSolution
		HideSolutionNode = FALSE
	EndGlobalSection
	GlobalSection(ExtensibilityGlobals) = postSolution
		SolutionGuid = {2F75259A-77F2-4B53-B036-935A0C924D3E}
	EndGlobalSection
EndGlobal
